
Microsoft Visual Studio Solution File, Format Version 12.00
# Visual Studio 2013
VisualStudioVersion = 12.0.21005.1
MinimumVisualStudioVersion = 10.0.40219.1
Project("{E24C65DC-7377-472B-9ABA-BC803B73C61A}") = "Website(16)", "http://localhost:3260", "{29EFE8F6-28B0-4E71-8C57-DC444EF9B1FD}"
	ProjectSection(WebsiteProperties) = preProject
		UseIISExpress = "true"
		TargetFrameworkMoniker = ".NETFramework,Version%3Dv4.5"
		ProjectReferences = "{f3d35d45-2318-45ce-8143-5a15cc9890e0}|eRestuarantSystem.dll;"
		Debug.AspNetCompiler.VirtualPath = "/localhost_3260"
		Debug.AspNetCompiler.PhysicalPath = "Website\"
		Debug.AspNetCompiler.TargetPath = "PrecompiledWeb\localhost_3260\"
		Debug.AspNetCompiler.Updateable = "true"
		Debug.AspNetCompiler.ForceOverwrite = "true"
		Debug.AspNetCompiler.FixedNames = "false"
		Debug.AspNetCompiler.Debug = "True"
		Release.AspNetCompiler.VirtualPath = "/localhost_3260"
		Release.AspNetCompiler.PhysicalPath = "Website\"
		Release.AspNetCompiler.TargetPath = "PrecompiledWeb\localhost_3260\"
		Release.AspNetCompiler.Updateable = "true"
		Release.AspNetCompiler.ForceOverwrite = "true"
		Release.AspNetCompiler.FixedNames = "false"
		Release.AspNetCompiler.Debug = "False"
		SlnRelativePath = "Website\"
		DefaultWebSiteLanguage = "Visual C#"
	EndProjectSection
EndProject
Project("{FAE04EC0-301F-11D3-BF4B-00C04F79EFBC}") = "eRestuarantSystem", "eRestuarantSystem\eRestuarantSystem.csproj", "{F3D35D45-2318-45CE-8143-5A15CC9890E0}"
EndProject
Global
	GlobalSection(SolutionConfigurationPlatforms) = preSolution
		Debug|Any CPU = Debug|Any CPU
		Release|Any CPU = Release|Any CPU
	EndGlobalSection
	GlobalSection(ProjectConfigurationPlatforms) = postSolution
		{29EFE8F6-28B0-4E71-8C57-DC444EF9B1FD}.Debug|Any CPU.ActiveCfg = Debug|Any CPU
		{29EFE8F6-28B0-4E71-8C57-DC444EF9B1FD}.Debug|Any CPU.Build.0 = Debug|Any CPU
		{29EFE8F6-28B0-4E71-8C57-DC444EF9B1FD}.Release|Any CPU.ActiveCfg = Debug|Any CPU
		{29EFE8F6-28B0-4E71-8C57-DC444EF9B1FD}.Release|Any CPU.Build.0 = Debug|Any CPU
		{F3D35D45-2318-45CE-8143-5A15CC9890E0}.Debug|Any CPU.ActiveCfg = Debug|Any CPU
		{F3D35D45-2318-45CE-8143-5A15CC9890E0}.Debug|Any CPU.Build.0 = Debug|Any CPU
		{F3D35D45-2318-45CE-8143-5A15CC9890E0}.Release|Any CPU.ActiveCfg = Release|Any CPU
		{F3D35D45-2318-45CE-8143-5A15CC9890E0}.Release|Any CPU.Build.0 = Release|Any CPU
	EndGlobalSection
	GlobalSection(SolutionProperties) = preSolution
		HideSolutionNode = FALSE
	EndGlobalSection
EndGlobal
